github.com/gen2brain/shm v0.1.1 h1:1cTVA5qcsUFixnDHl14TmRoxgfWEEZlTezpUj1vm5uQ=
github.com/gen2brain/shm v0.1.1/go.mod h1:UgIcVtvmOu+aCJpqJX7GOtiN7X2ct+TKLg4RTxwPIUA=
github.com/jtraglia/dff v0.1.5 h1:5KZgCesC+BVqWk85ne2uoh5f83RZ5QOerjD20XqgleA=
github.com/jtraglia/dff v0.1.5/go.mod h1:6uC9P9eUUGP7WGnz4wepl55xjKMB1Z6gXrX9haT6QVM=
